// !$*UTF8*$!
{
	archiveVersion = 1;
	classes = {
	};
	objectVersion = 50;
	objects = {

/* Begin PBXBuildFile section */
		730405AA21709AEB007D3399 /* AppDelegate.swift in Sources */ = {isa = PBXBuildFile; fileRef = 730405A921709AEB007D3399 /* AppDelegate.swift */; };
		730405B121709AED007D3399 /* Assets.xcassets in Resources */ = {isa = PBXBuildFile; fileRef = 730405B021709AED007D3399 /* Assets.xcassets */; };
		730405B421709AED007D3399 /* LaunchScreen.storyboard in Resources */ = {isa = PBXBuildFile; fileRef = 730405B221709AED007D3399 /* LaunchScreen.storyboard */; };
		730405BF2170A1EC007D3399 /* BaseViewController.swift in Sources */ = {isa = PBXBuildFile; fileRef = 730405BE2170A1EC007D3399 /* BaseViewController.swift */; };
		730405C32170A357007D3399 /* HomeViewController.swift in Sources */ = {isa = PBXBuildFile; fileRef = 730405C22170A357007D3399 /* HomeViewController.swift */; };
		730405C62170AF3F007D3399 /* PokedexViewController.swift in Sources */ = {isa = PBXBuildFile; fileRef = 730405C52170AF3F007D3399 /* PokedexViewController.swift */; };
		730405CA2170B11C007D3399 /* NetworkService.swift in Sources */ = {isa = PBXBuildFile; fileRef = 730405C92170B11C007D3399 /* NetworkService.swift */; };
		730405CE2170FBAD007D3399 /* PokemonResponseModel.swift in Sources */ = {isa = PBXBuildFile; fileRef = 730405CD2170FBAD007D3399 /* PokemonResponseModel.swift */; };
		730405D02170FBF9007D3399 /* PokemonListResponseModel.swift in Sources */ = {isa = PBXBuildFile; fileRef = 730405CF2170FBF9007D3399 /* PokemonListResponseModel.swift */; };
		730405D32170FE63007D3399 /* PokemonList.swift in Sources */ = {isa = PBXBuildFile; fileRef = 730405D22170FE63007D3399 /* PokemonList.swift */; };
		730405D52170FF21007D3399 /* Pokemon.swift in Sources */ = {isa = PBXBuildFile; fileRef = 730405D42170FF21007D3399 /* Pokemon.swift */; };
		730405D8217103C4007D3399 /* PokemonDetailViewController.swift in Sources */ = {isa = PBXBuildFile; fileRef = 730405D7217103C4007D3399 /* PokemonDetailViewController.swift */; };
		730405DD21723557007D3399 /* PokemonType.swift in Sources */ = {isa = PBXBuildFile; fileRef = 730405DC21723557007D3399 /* PokemonType.swift */; };
		730405DF21727090007D3399 /* PokemonSpecieResponseModel.swift in Sources */ = {isa = PBXBuildFile; fileRef = 730405DE21727090007D3399 /* PokemonSpecieResponseModel.swift */; };
		730405E121733A55007D3399 /* String+Extension.swift in Sources */ = {isa = PBXBuildFile; fileRef = 730405E021733A55007D3399 /* String+Extension.swift */; };
		730405E32173434C007D3399 /* BaseImageView.swift in Sources */ = {isa = PBXBuildFile; fileRef = 730405E22173434C007D3399 /* BaseImageView.swift */; };
		7367FB1C217357BE002457EB /* PokemonDetailDescriptionTableViewCell.swift in Sources */ = {isa = PBXBuildFile; fileRef = 7367FB1B217357BE002457EB /* PokemonDetailDescriptionTableViewCell.swift */; };
		7367FB1E217357DA002457EB /* PokemonDetailSpritesTableViewCell.swift in Sources */ = {isa = PBXBuildFile; fileRef = 7367FB1D217357DA002457EB /* PokemonDetailSpritesTableViewCell.swift */; };
		7367FB20217357FA002457EB /* PokemonDetailTypesTableViewCell.swift in Sources */ = {isa = PBXBuildFile; fileRef = 7367FB1F217357FA002457EB /* PokemonDetailTypesTableViewCell.swift */; };
		7367FB222173583F002457EB /* PokedexTableViewCell.swift in Sources */ = {isa = PBXBuildFile; fileRef = 7367FB212173583F002457EB /* PokedexTableViewCell.swift */; };
		7367FB27217363C6002457EB /* GameViewController.swift in Sources */ = {isa = PBXBuildFile; fileRef = 7367FB26217363C6002457EB /* GameViewController.swift */; };
		7367FB2921738B96002457EB /* Array+Extension.swift in Sources */ = {isa = PBXBuildFile; fileRef = 7367FB2821738B96002457EB /* Array+Extension.swift */; };
		7367FB2B2173D690002457EB /* GameEngine.swift in Sources */ = {isa = PBXBuildFile; fileRef = 7367FB2A2173D690002457EB /* GameEngine.swift */; };
		7367FB2D2173D6C5002457EB /* Question.swift in Sources */ = {isa = PBXBuildFile; fileRef = 7367FB2C2173D6C5002457EB /* Question.swift */; };
		7367FB3D2174D96B002457EB /* ModelsTests.swift in Sources */ = {isa = PBXBuildFile; fileRef = 7367FB3C2174D96B002457EB /* ModelsTests.swift */; };
		7367FB412174E500002457EB /* Localizable.strings in Resources */ = {isa = PBXBuildFile; fileRef = 7367FB3F2174E500002457EB /* Localizable.strings */; };
		7367FB452174EC4C002457EB /* GameAnswerCell.swift in Sources */ = {isa = PBXBuildFile; fileRef = 7367FB442174EC4C002457EB /* GameAnswerCell.swift */; };
		982E79D50D3DD92CEB117E74 /* Pods_PokemonApp.framework in Frameworks */ = {isa = PBXBuildFile; fileRef = E28E837E764184BAD415ECD3 /* Pods_PokemonApp.framework */; };
/* End PBXBuildFile section */

/* Begin PBXContainerItemProxy section */
		7367FB372174D860002457EB /* PBXContainerItemProxy */ = {
			isa = PBXContainerItemProxy;
			containerPortal = 7304059E21709AEB007D3399 /* Project object */;
			proxyType = 1;
			remoteGlobalIDString = 730405A521709AEB007D3399;
			remoteInfo = PokemonApp;
		};
/* End PBXContainerItemProxy section */

/* Begin PBXFileReference section */
		730405A621709AEB007D3399 /* PokemonApp.app */ = {isa = PBXFileReference; explicitFileType = wrapper.application; includeInIndex = 0; path = PokemonApp.app; sourceTree = BUILT_PRODUCTS_DIR; };
		730405A921709AEB007D3399 /* AppDelegate.swift */ = {isa = PBXFileReference; lastKnownFileType = sourcecode.swift; path = AppDelegate.swift; sourceTree = "<group>"; };
		730405B021709AED007D3399 /* Assets.xcassets */ = {isa = PBXFileReference; lastKnownFileType = folder.assetcatalog; path = Assets.xcassets; sourceTree = "<group>"; };
		730405B321709AED007D3399 /* Base */ = {isa = PBXFileReference; lastKnownFileType = file.storyboard; name = Base; path = Base.lproj/LaunchScreen.storyboard; sourceTree = "<group>"; };
		730405B521709AED007D3399 /* Info.plist */ = {isa = PBXFileReference; lastKnownFileType = text.plist.xml; path = Info.plist; sourceTree = "<group>"; };
		730405BE2170A1EC007D3399 /* BaseViewController.swift */ = {isa = PBXFileReference; lastKnownFileType = sourcecode.swift; path = BaseViewController.swift; sourceTree = "<group>"; };
		730405C22170A357007D3399 /* HomeViewController.swift */ = {isa = PBXFileReference; lastKnownFileType = sourcecode.swift; path = HomeViewController.swift; sourceTree = "<group>"; };
		730405C52170AF3F007D3399 /* PokedexViewController.swift */ = {isa = PBXFileReference; lastKnownFileType = sourcecode.swift; path = PokedexViewController.swift; sourceTree = "<group>"; };
		730405C92170B11C007D3399 /* NetworkService.swift */ = {isa = PBXFileReference; lastKnownFileType = sourcecode.swift; path = NetworkService.swift; sourceTree = "<group>"; };
		730405CD2170FBAD007D3399 /* PokemonResponseModel.swift */ = {isa = PBXFileReference; lastKnownFileType = sourcecode.swift; path = PokemonResponseModel.swift; sourceTree = "<group>"; };
		730405CF2170FBF9007D3399 /* PokemonListResponseModel.swift */ = {isa = PBXFileReference; lastKnownFileType = sourcecode.swift; path = PokemonListResponseModel.swift; sourceTree = "<group>"; };
		730405D22170FE63007D3399 /* PokemonList.swift */ = {isa = PBXFileReference; lastKnownFileType = sourcecode.swift; path = PokemonList.swift; sourceTree = "<group>"; };
		730405D42170FF21007D3399 /* Pokemon.swift */ = {isa = PBXFileReference; lastKnownFileType = sourcecode.swift; path = Pokemon.swift; sourceTree = "<group>"; };
		730405D7217103C4007D3399 /* PokemonDetailViewController.swift */ = {isa = PBXFileReference; lastKnownFileType = sourcecode.swift; path = PokemonDetailViewController.swift; sourceTree = "<group>"; };
		730405DC21723557007D3399 /* PokemonType.swift */ = {isa = PBXFileReference; lastKnownFileType = sourcecode.swift; path = PokemonType.swift; sourceTree = "<group>"; };
		730405DE21727090007D3399 /* PokemonSpecieResponseModel.swift */ = {isa = PBXFileReference; lastKnownFileType = sourcecode.swift; path = PokemonSpecieResponseModel.swift; sourceTree = "<group>"; };
		730405E021733A55007D3399 /* String+Extension.swift */ = {isa = PBXFileReference; lastKnownFileType = sourcecode.swift; path = "String+Extension.swift"; sourceTree = "<group>"; };
		730405E22173434C007D3399 /* BaseImageView.swift */ = {isa = PBXFileReference; lastKnownFileType = sourcecode.swift; path = BaseImageView.swift; sourceTree = "<group>"; };
		7367FB1B217357BE002457EB /* PokemonDetailDescriptionTableViewCell.swift */ = {isa = PBXFileReference; lastKnownFileType = sourcecode.swift; path = PokemonDetailDescriptionTableViewCell.swift; sourceTree = "<group>"; };
		7367FB1D217357DA002457EB /* PokemonDetailSpritesTableViewCell.swift */ = {isa = PBXFileReference; lastKnownFileType = sourcecode.swift; path = PokemonDetailSpritesTableViewCell.swift; sourceTree = "<group>"; };
		7367FB1F217357FA002457EB /* PokemonDetailTypesTableViewCell.swift */ = {isa = PBXFileReference; lastKnownFileType = sourcecode.swift; path = PokemonDetailTypesTableViewCell.swift; sourceTree = "<group>"; };
		7367FB212173583F002457EB /* PokedexTableViewCell.swift */ = {isa = PBXFileReference; lastKnownFileType = sourcecode.swift; path = PokedexTableViewCell.swift; sourceTree = "<group>"; };
		7367FB26217363C6002457EB /* GameViewController.swift */ = {isa = PBXFileReference; lastKnownFileType = sourcecode.swift; path = GameViewController.swift; sourceTree = "<group>"; };
		7367FB2821738B96002457EB /* Array+Extension.swift */ = {isa = PBXFileReference; lastKnownFileType = sourcecode.swift; path = "Array+Extension.swift"; sourceTree = "<group>"; };
		7367FB2A2173D690002457EB /* GameEngine.swift */ = {isa = PBXFileReference; lastKnownFileType = sourcecode.swift; path = GameEngine.swift; sourceTree = "<group>"; };
		7367FB2C2173D6C5002457EB /* Question.swift */ = {isa = PBXFileReference; lastKnownFileType = sourcecode.swift; path = Question.swift; sourceTree = "<group>"; };
		7367FB322174D860002457EB /* PokemonAppTests.xctest */ = {isa = PBXFileReference; explicitFileType = wrapper.cfbundle; includeInIndex = 0; path = PokemonAppTests.xctest; sourceTree = BUILT_PRODUCTS_DIR; };
		7367FB362174D860002457EB /* Info.plist */ = {isa = PBXFileReference; lastKnownFileType = text.plist.xml; path = Info.plist; sourceTree = "<group>"; };
		7367FB3C2174D96B002457EB /* ModelsTests.swift */ = {isa = PBXFileReference; lastKnownFileType = sourcecode.swift; path = ModelsTests.swift; sourceTree = "<group>"; };
		7367FB3E2174E4CE002457EB /* es */ = {isa = PBXFileReference; lastKnownFileType = text.plist.strings; name = es; path = es.lproj/LaunchScreen.strings; sourceTree = "<group>"; };
		7367FB402174E500002457EB /* Base */ = {isa = PBXFileReference; lastKnownFileType = text.plist.strings; name = Base; path = Base.lproj/Localizable.strings; sourceTree = "<group>"; };
		7367FB422174E517002457EB /* en */ = {isa = PBXFileReference; lastKnownFileType = text.plist.strings; name = en; path = en.lproj/Localizable.strings; sourceTree = "<group>"; };
		7367FB432174E518002457EB /* es */ = {isa = PBXFileReference; lastKnownFileType = text.plist.strings; name = es; path = es.lproj/Localizable.strings; sourceTree = "<group>"; };
		7367FB442174EC4C002457EB /* GameAnswerCell.swift */ = {isa = PBXFileReference; lastKnownFileType = sourcecode.swift; path = GameAnswerCell.swift; sourceTree = "<group>"; };
		76583B9472A081C14015863F /* Pods-PokemonApp.debug.xcconfig */ = {isa = PBXFileReference; includeInIndex = 1; lastKnownFileType = text.xcconfig; name = "Pods-PokemonApp.debug.xcconfig"; path = "Pods/Target Support Files/Pods-PokemonApp/Pods-PokemonApp.debug.xcconfig"; sourceTree = "<group>"; };
		BEBA5CD27CA46D6E37597166 /* Pods-PokemonApp.release.xcconfig */ = {isa = PBXFileReference; includeInIndex = 1; lastKnownFileType = text.xcconfig; name = "Pods-PokemonApp.release.xcconfig"; path = "Pods/Target Support Files/Pods-PokemonApp/Pods-PokemonApp.release.xcconfig"; sourceTree = "<group>"; };
		E28E837E764184BAD415ECD3 /* Pods_PokemonApp.framework */ = {isa = PBXFileReference; explicitFileType = wrapper.framework; includeInIndex = 0; path = Pods_PokemonApp.framework; sourceTree = BUILT_PRODUCTS_DIR; };
/* End PBXFileReference section */

/* Begin PBXFrameworksBuildPhase section */
		730405A321709AEB007D3399 /* Frameworks */ = {
			isa = PBXFrameworksBuildPhase;
			buildActionMask = 2147483647;
			files = (
				982E79D50D3DD92CEB117E74 /* Pods_PokemonApp.framework in Frameworks */,
			);
			runOnlyForDeploymentPostprocessing = 0;
		};
		7367FB2F2174D860002457EB /* Frameworks */ = {
			isa = PBXFrameworksBuildPhase;
			buildActionMask = 2147483647;
			files = (
			);
			runOnlyForDeploymentPostprocessing = 0;
		};
/* End PBXFrameworksBuildPhase section */

/* Begin PBXGroup section */
		1947E99511B91A1BFF9CA5F2 /* Frameworks */ = {
			isa = PBXGroup;
			children = (
				E28E837E764184BAD415ECD3 /* Pods_PokemonApp.framework */,
			);
			name = Frameworks;
			sourceTree = "<group>";
		};
		7304059D21709AEB007D3399 = {
			isa = PBXGroup;
			children = (
				730405A821709AEB007D3399 /* PokemonApp */,
				7367FB332174D860002457EB /* PokemonAppTests */,
				730405A721709AEB007D3399 /* Products */,
				A6C2238B560DBC02D6D0D0E0 /* Pods */,
				1947E99511B91A1BFF9CA5F2 /* Frameworks */,
			);
			sourceTree = "<group>";
		};
		730405A721709AEB007D3399 /* Products */ = {
			isa = PBXGroup;
			children = (
				730405A621709AEB007D3399 /* PokemonApp.app */,
				7367FB322174D860002457EB /* PokemonAppTests.xctest */,
			);
			name = Products;
			sourceTree = "<group>";
		};
		730405A821709AEB007D3399 /* PokemonApp */ = {
			isa = PBXGroup;
			children = (
				730405D921720629007D3399 /* Extensions */,
				730405D12170FE4B007D3399 /* Model */,
				730405CB2170FB82007D3399 /* Network */,
				730405C02170A31A007D3399 /* Modules */,
				730405BB2170A092007D3399 /* Common */,
				730405A921709AEB007D3399 /* AppDelegate.swift */,
				730405B021709AED007D3399 /* Assets.xcassets */,
				730405B221709AED007D3399 /* LaunchScreen.storyboard */,
				730405B521709AED007D3399 /* Info.plist */,
				7367FB3F2174E500002457EB /* Localizable.strings */,
			);
			path = PokemonApp;
			sourceTree = "<group>";
		};
		730405BB2170A092007D3399 /* Common */ = {
			isa = PBXGroup;
			children = (
				730405BE2170A1EC007D3399 /* BaseViewController.swift */,
				730405E22173434C007D3399 /* BaseImageView.swift */,
			);
			path = Common;
			sourceTree = "<group>";
		};
		730405C02170A31A007D3399 /* Modules */ = {
			isa = PBXGroup;
			children = (
				7367FB25217363B0002457EB /* Game */,
				730405C12170A32D007D3399 /* Home */,
				730405C42170AF0A007D3399 /* Pokedex */,
				730405D6217103A6007D3399 /* PokemonDetail */,
			);
			path = Modules;
			sourceTree = "<group>";
		};
		730405C12170A32D007D3399 /* Home */ = {
			isa = PBXGroup;
			children = (
				730405C22170A357007D3399 /* HomeViewController.swift */,
			);
			path = Home;
			sourceTree = "<group>";
		};
		730405C42170AF0A007D3399 /* Pokedex */ = {
			isa = PBXGroup;
			children = (
				730405C52170AF3F007D3399 /* PokedexViewController.swift */,
				7367FB212173583F002457EB /* PokedexTableViewCell.swift */,
			);
			path = Pokedex;
			sourceTree = "<group>";
		};
		730405CB2170FB82007D3399 /* Network */ = {
			isa = PBXGroup;
			children = (
				730405CC2170FB8E007D3399 /* ResponseModels */,
				730405C92170B11C007D3399 /* NetworkService.swift */,
			);
			path = Network;
			sourceTree = "<group>";
		};
		730405CC2170FB8E007D3399 /* ResponseModels */ = {
			isa = PBXGroup;
			children = (
				730405CD2170FBAD007D3399 /* PokemonResponseModel.swift */,
				730405CF2170FBF9007D3399 /* PokemonListResponseModel.swift */,
				730405DE21727090007D3399 /* PokemonSpecieResponseModel.swift */,
			);
			path = ResponseModels;
			sourceTree = "<group>";
		};
		730405D12170FE4B007D3399 /* Model */ = {
			isa = PBXGroup;
			children = (
				730405D22170FE63007D3399 /* PokemonList.swift */,
				730405D42170FF21007D3399 /* Pokemon.swift */,
				730405DC21723557007D3399 /* PokemonType.swift */,
				7367FB2C2173D6C5002457EB /* Question.swift */,
			);
			path = Model;
			sourceTree = "<group>";
		};
		730405D6217103A6007D3399 /* PokemonDetail */ = {
			isa = PBXGroup;
			children = (
				730405D7217103C4007D3399 /* PokemonDetailViewController.swift */,
				7367FB1B217357BE002457EB /* PokemonDetailDescriptionTableViewCell.swift */,
				7367FB1D217357DA002457EB /* PokemonDetailSpritesTableViewCell.swift */,
				7367FB1F217357FA002457EB /* PokemonDetailTypesTableViewCell.swift */,
			);
			path = PokemonDetail;
			sourceTree = "<group>";
		};
		730405D921720629007D3399 /* Extensions */ = {
			isa = PBXGroup;
			children = (
				730405E021733A55007D3399 /* String+Extension.swift */,
				7367FB2821738B96002457EB /* Array+Extension.swift */,
			);
			path = Extensions;
			sourceTree = "<group>";
		};
		7367FB25217363B0002457EB /* Game */ = {
			isa = PBXGroup;
			children = (
				7367FB26217363C6002457EB /* GameViewController.swift */,
				7367FB2A2173D690002457EB /* GameEngine.swift */,
				7367FB442174EC4C002457EB /* GameAnswerCell.swift */,
			);
			path = Game;
			sourceTree = "<group>";
		};
		7367FB332174D860002457EB /* PokemonAppTests */ = {
			isa = PBXGroup;
			children = (
				7367FB362174D860002457EB /* Info.plist */,
				7367FB3C2174D96B002457EB /* ModelsTests.swift */,
			);
			path = PokemonAppTests;
			sourceTree = "<group>";
		};
		A6C2238B560DBC02D6D0D0E0 /* Pods */ = {
			isa = PBXGroup;
			children = (
				76583B9472A081C14015863F /* Pods-PokemonApp.debug.xcconfig */,
				BEBA5CD27CA46D6E37597166 /* Pods-PokemonApp.release.xcconfig */,
			);
			name = Pods;
			sourceTree = "<group>";
		};
/* End PBXGroup section */

/* Begin PBXNativeTarget section */
		730405A521709AEB007D3399 /* PokemonApp */ = {
			isa = PBXNativeTarget;
			buildConfigurationList = 730405B821709AED007D3399 /* Build configuration list for PBXNativeTarget "PokemonApp" */;
			buildPhases = (
				5D92C80FA28D341B6F324CC7 /* [CP] Check Pods Manifest.lock */,
				730405A221709AEB007D3399 /* Sources */,
				730405A321709AEB007D3399 /* Frameworks */,
				730405A421709AEB007D3399 /* Resources */,
				9BE179C372F35B30D120A3CD /* [CP] Embed Pods Frameworks */,
			);
			buildRules = (
			);
			dependencies = (
			);
			name = PokemonApp;
			productName = PokemonApp;
			productReference = 730405A621709AEB007D3399 /* PokemonApp.app */;
			productType = "com.apple.product-type.application";
		};
		7367FB312174D860002457EB /* PokemonAppTests */ = {
			isa = PBXNativeTarget;
			buildConfigurationList = 7367FB392174D860002457EB /* Build configuration list for PBXNativeTarget "PokemonAppTests" */;
			buildPhases = (
				7367FB2E2174D860002457EB /* Sources */,
				7367FB2F2174D860002457EB /* Frameworks */,
				7367FB302174D860002457EB /* Resources */,
			);
			buildRules = (
			);
			dependencies = (
				7367FB382174D860002457EB /* PBXTargetDependency */,
			);
			name = PokemonAppTests;
			productName = PokemonAppTests;
			productReference = 7367FB322174D860002457EB /* PokemonAppTests.xctest */;
			productType = "com.apple.product-type.bundle.unit-test";
		};
/* End PBXNativeTarget section */

/* Begin PBXProject section */
		7304059E21709AEB007D3399 /* Project object */ = {
			isa = PBXProject;
			attributes = {
				LastSwiftUpdateCheck = 1000;
				LastUpgradeCheck = 1000;
				ORGANIZATIONNAME = "Juan Santiago Martín Balbás";
				TargetAttributes = {
					730405A521709AEB007D3399 = {
						CreatedOnToolsVersion = 10.0;
					};
					7367FB312174D860002457EB = {
						CreatedOnToolsVersion = 10.0;
						TestTargetID = 730405A521709AEB007D3399;
					};
				};
			};
			buildConfigurationList = 730405A121709AEB007D3399 /* Build configuration list for PBXProject "PokemonApp" */;
			compatibilityVersion = "Xcode 9.3";
			developmentRegion = en;
			hasScannedForEncodings = 0;
			knownRegions = (
				en,
				Base,
				es,
			);
			mainGroup = 7304059D21709AEB007D3399;
			productRefGroup = 730405A721709AEB007D3399 /* Products */;
			projectDirPath = "";
			projectRoot = "";
			targets = (
				730405A521709AEB007D3399 /* PokemonApp */,
				7367FB312174D860002457EB /* PokemonAppTests */,
			);
		};
/* End PBXProject section */

/* Begin PBXResourcesBuildPhase section */
		730405A421709AEB007D3399 /* Resources */ = {
			isa = PBXResourcesBuildPhase;
			buildActionMask = 2147483647;
			files = (
				730405B421709AED007D3399 /* LaunchScreen.storyboard in Resources */,
				730405B121709AED007D3399 /* Assets.xcassets in Resources */,
				7367FB412174E500002457EB /* Localizable.strings in Resources */,
			);
			runOnlyForDeploymentPostprocessing = 0;
		};
		7367FB302174D860002457EB /* Resources */ = {
			isa = PBXResourcesBuildPhase;
			buildActionMask = 2147483647;
			files = (
			);
			runOnlyForDeploymentPostprocessing = 0;
		};
/* End PBXResourcesBuildPhase section */

/* Begin PBXShellScriptBuildPhase section */
		5D92C80FA28D341B6F324CC7 /* [CP] Check Pods Manifest.lock */ = {
			isa = PBXShellScriptBuildPhase;
			buildActionMask = 2147483647;
			files = (
			);
			inputPaths = (
				"${PODS_PODFILE_DIR_PATH}/Podfile.lock",
				"${PODS_ROOT}/Manifest.lock",
			);
			name = "[CP] Check Pods Manifest.lock";
			outputPaths = (
				"$(DERIVED_FILE_DIR)/Pods-PokemonApp-checkManifestLockResult.txt",
			);
			runOnlyForDeploymentPostprocessing = 0;
			shellPath = /bin/sh;
			shellScript = "diff \"${PODS_PODFILE_DIR_PATH}/Podfile.lock\" \"${PODS_ROOT}/Manifest.lock\" > /dev/null\nif [ $? != 0 ] ; then\n    # print error to STDERR\n    echo \"error: The sandbox is not in sync with the Podfile.lock. Run 'pod install' or update your CocoaPods installation.\" >&2\n    exit 1\nfi\n# This output is used by Xcode 'outputs' to avoid re-running this script phase.\necho \"SUCCESS\" > \"${SCRIPT_OUTPUT_FILE_0}\"\n";
			showEnvVarsInLog = 0;
		};
		9BE179C372F35B30D120A3CD /* [CP] Embed Pods Frameworks */ = {
			isa = PBXShellScriptBuildPhase;
			buildActionMask = 2147483647;
			files = (
			);
			inputPaths = (
				"${SRCROOT}/Pods/Target Support Files/Pods-PokemonApp/Pods-PokemonApp-frameworks.sh",
				"${BUILT_PRODUCTS_DIR}/Alamofire/Alamofire.framework",
			);
			name = "[CP] Embed Pods Frameworks";
			outputPaths = (
				"${TARGET_BUILD_DIR}/${FRAMEWORKS_FOLDER_PATH}/Alamofire.framework",
			);
			runOnlyForDeploymentPostprocessing = 0;
			shellPath = /bin/sh;
			shellScript = "\"${SRCROOT}/Pods/Target Support Files/Pods-PokemonApp/Pods-PokemonApp-frameworks.sh\"\n";
			showEnvVarsInLog = 0;
		};
/* End PBXShellScriptBuildPhase section */

/* Begin PBXSourcesBuildPhase section */
		730405A221709AEB007D3399 /* Sources */ = {
			isa = PBXSourcesBuildPhase;
			buildActionMask = 2147483647;
			files = (
				730405C62170AF3F007D3399 /* PokedexViewController.swift in Sources */,
				730405DD21723557007D3399 /* PokemonType.swift in Sources */,
				7367FB20217357FA002457EB /* PokemonDetailTypesTableViewCell.swift in Sources */,
				730405D32170FE63007D3399 /* PokemonList.swift in Sources */,
				730405BF2170A1EC007D3399 /* BaseViewController.swift in Sources */,
				730405AA21709AEB007D3399 /* AppDelegate.swift in Sources */,
				7367FB222173583F002457EB /* PokedexTableViewCell.swift in Sources */,
				730405CA2170B11C007D3399 /* NetworkService.swift in Sources */,
				7367FB27217363C6002457EB /* GameViewController.swift in Sources */,
				7367FB2D2173D6C5002457EB /* Question.swift in Sources */,
				730405D52170FF21007D3399 /* Pokemon.swift in Sources */,
				730405E32173434C007D3399 /* BaseImageView.swift in Sources */,
				7367FB2921738B96002457EB /* Array+Extension.swift in Sources */,
				730405D02170FBF9007D3399 /* PokemonListResponseModel.swift in Sources */,
				730405E121733A55007D3399 /* String+Extension.swift in Sources */,
				730405DF21727090007D3399 /* PokemonSpecieResponseModel.swift in Sources */,
				7367FB1E217357DA002457EB /* PokemonDetailSpritesTableViewCell.swift in Sources */,
				7367FB2B2173D690002457EB /* GameEngine.swift in Sources */,
				730405D8217103C4007D3399 /* PokemonDetailViewController.swift in Sources */,
				730405CE2170FBAD007D3399 /* PokemonResponseModel.swift in Sources */,
				7367FB1C217357BE002457EB /* PokemonDetailDescriptionTableViewCell.swift in Sources */,
				730405C32170A357007D3399 /* HomeViewController.swift in Sources */,
				7367FB452174EC4C002457EB /* GameAnswerCell.swift in Sources */,
			);
			runOnlyForDeploymentPostprocessing = 0;
		};
		7367FB2E2174D860002457EB /* Sources */ = {
			isa = PBXSourcesBuildPhase;
			buildActionMask = 2147483647;
			files = (
				7367FB3D2174D96B002457EB /* ModelsTests.swift in Sources */,
			);
			runOnlyForDeploymentPostprocessing = 0;
		};
/* End PBXSourcesBuildPhase section */

/* Begin PBXTargetDependency section */
		7367FB382174D860002457EB /* PBXTargetDependency */ = {
			isa = PBXTargetDependency;
			target = 730405A521709AEB007D3399 /* PokemonApp */;
			targetProxy = 7367FB372174D860002457EB /* PBXContainerItemProxy */;
		};
/* End PBXTargetDependency section */

/* Begin PBXVariantGroup section */
		730405B221709AED007D3399 /* LaunchScreen.storyboard */ = {
			isa = PBXVariantGroup;
			children = (
				730405B321709AED007D3399 /* Base */,
				7367FB3E2174E4CE002457EB /* es */,
			);
			name = LaunchScreen.storyboard;
			sourceTree = "<group>";
		};
		7367FB3F2174E500002457EB /* Localizable.strings */ = {
			isa = PBXVariantGroup;
			children = (
				7367FB402174E500002457EB /* Base */,
				7367FB422174E517002457EB /* en */,
				7367FB432174E518002457EB /* es */,
			);
			name = Localizable.strings;
			sourceTree = "<group>";
		};
/* End PBXVariantGroup section */

/* Begin XCBuildConfiguration section */
		730405B621709AED007D3399 /* Debug */ = {
			isa = XCBuildConfiguration;
			buildSettings = {
				ALWAYS_SEARCH_USER_PATHS = NO;
				CLANG_ANALYZER_LOCALIZABILITY_NONLOCALIZED = YES;
				CLANG_ANALYZER_NONNULL = YES;
				CLANG_ANALYZER_NUMBER_OBJECT_CONVERSION = YES_AGGRESSIVE;
				CLANG_CXX_LANGUAGE_STANDARD = "gnu++14";
				CLANG_CXX_LIBRARY = "libc++";
				CLANG_ENABLE_MODULES = YES;
				CLANG_ENABLE_OBJC_ARC = YES;
				CLANG_ENABLE_OBJC_WEAK = YES;
				CLANG_WARN_BLOCK_CAPTURE_AUTORELEASING = YES;
				CLANG_WARN_BOOL_CONVERSION = YES;
				CLANG_WARN_COMMA = YES;
				CLANG_WARN_CONSTANT_CONVERSION = YES;
				CLANG_WARN_DEPRECATED_OBJC_IMPLEMENTATIONS = YES;
				CLANG_WARN_DIRECT_OBJC_ISA_USAGE = YES_ERROR;
				CLANG_WARN_DOCUMENTATION_COMMENTS = YES;
				CLANG_WARN_EMPTY_BODY = YES;
				CLANG_WARN_ENUM_CONVERSION = YES;
				CLANG_WARN_INFINITE_RECURSION = YES;
				CLANG_WARN_INT_CONVERSION = YES;
				CLANG_WARN_NON_LITERAL_NULL_CONVERSION = YES;
				CLANG_WARN_OBJC_IMPLICIT_RETAIN_SELF = YES;
				CLANG_WARN_OBJC_LITERAL_CONVERSION = YES;
				CLANG_WARN_OBJC_ROOT_CLASS = YES_ERROR;
				CLANG_WARN_RANGE_LOOP_ANALYSIS = YES;
				CLANG_WARN_STRICT_PROTOTYPES = YES;
				CLANG_WARN_SUSPICIOUS_MOVE = YES;
				CLANG_WARN_UNGUARDED_AVAILABILITY = YES_AGGRESSIVE;
				CLANG_WARN_UNREACHABLE_CODE = YES;
				CLANG_WARN__DUPLICATE_METHOD_MATCH = YES;
				CODE_SIGN_IDENTITY = "iPhone Developer";
				COPY_PHASE_STRIP = NO;
				DEBUG_INFORMATION_FORMAT = dwarf;
				ENABLE_STRICT_OBJC_MSGSEND = YES;
				ENABLE_TESTABILITY = YES;
				GCC_C_LANGUAGE_STANDARD = gnu11;
				GCC_DYNAMIC_NO_PIC = NO;
				GCC_NO_COMMON_BLOCKS = YES;
				GCC_OPTIMIZATION_LEVEL = 0;
				GCC_PREPROCESSOR_DEFINITIONS = (
					"DEBUG=1",
					"$(inherited)",
				);
				GCC_WARN_64_TO_32_BIT_CONVERSION = YES;
				GCC_WARN_ABOUT_RETURN_TYPE = YES_ERROR;
				GCC_WARN_UNDECLARED_SELECTOR = YES;
				GCC_WARN_UNINITIALIZED_AUTOS = YES_AGGRESSIVE;
				GCC_WARN_UNUSED_FUNCTION = YES;
				GCC_WARN_UNUSED_VARIABLE = YES;
				IPHONEOS_DEPLOYMENT_TARGET = 12.0;
				MTL_ENABLE_DEBUG_INFO = INCLUDE_SOURCE;
				MTL_FAST_MATH = YES;
				ONLY_ACTIVE_ARCH = YES;
				SDKROOT = iphoneos;
				SWIFT_ACTIVE_COMPILATION_CONDITIONS = DEBUG;
				SWIFT_OPTIMIZATION_LEVEL = "-Onone";
			};
			name = Debug;
		};
		730405B721709AED007D3399 /* Release */ = {
			isa = XCBuildConfiguration;
			buildSettings = {
				ALWAYS_SEARCH_USER_PATHS = NO;
				CLANG_ANALYZER_LOCALIZABILITY_NONLOCALIZED = YES;
				CLANG_ANALYZER_NONNULL = YES;
				CLANG_ANALYZER_NUMBER_OBJECT_CONVERSION = YES_AGGRESSIVE;
				CLANG_CXX_LANGUAGE_STANDARD = "gnu++14";
				CLANG_CXX_LIBRARY = "libc++";
				CLANG_ENABLE_MODULES = YES;
				CLANG_ENABLE_OBJC_ARC = YES;
				CLANG_ENABLE_OBJC_WEAK = YES;
				CLANG_WARN_BLOCK_CAPTURE_AUTORELEASING = YES;
				CLANG_WARN_BOOL_CONVERSION = YES;
				CLANG_WARN_COMMA = YES;
				CLANG_WARN_CONSTANT_CONVERSION = YES;
				CLANG_WARN_DEPRECATED_OBJC_IMPLEMENTATIONS = YES;
				CLANG_WARN_DIRECT_OBJC_ISA_USAGE = YES_ERROR;
				CLANG_WARN_DOCUMENTATION_COMMENTS = YES;
				CLANG_WARN_EMPTY_BODY = YES;
				CLANG_WARN_ENUM_CONVERSION = YES;
				CLANG_WARN_INFINITE_RECURSION = YES;
				CLANG_WARN_INT_CONVERSION = YES;
				CLANG_WARN_NON_LITERAL_NULL_CONVERSION = YES;
				CLANG_WARN_OBJC_IMPLICIT_RETAIN_SELF = YES;
				CLANG_WARN_OBJC_LITERAL_CONVERSION = YES;
				CLANG_WARN_OBJC_ROOT_CLASS = YES_ERROR;
				CLANG_WARN_RANGE_LOOP_ANALYSIS = YES;
				CLANG_WARN_STRICT_PROTOTYPES = YES;
				CLANG_WARN_SUSPICIOUS_MOVE = YES;
				CLANG_WARN_UNGUARDED_AVAILABILITY = YES_AGGRESSIVE;
				CLANG_WARN_UNREACHABLE_CODE = YES;
				CLANG_WARN__DUPLICATE_METHOD_MATCH = YES;
				CODE_SIGN_IDENTITY = "iPhone Developer";
				COPY_PHASE_STRIP = NO;
				DEBUG_INFORMATION_FORMAT = "dwarf-with-dsym";
				ENABLE_NS_ASSERTIONS = NO;
				ENABLE_STRICT_OBJC_MSGSEND = YES;
				GCC_C_LANGUAGE_STANDARD = gnu11;
				GCC_NO_COMMON_BLOCKS = YES;
				GCC_WARN_64_TO_32_BIT_CONVERSION = YES;
				GCC_WARN_ABOUT_RETURN_TYPE = YES_ERROR;
				GCC_WARN_UNDECLARED_SELECTOR = YES;
				GCC_WARN_UNINITIALIZED_AUTOS = YES_AGGRESSIVE;
				GCC_WARN_UNUSED_FUNCTION = YES;
				GCC_WARN_UNUSED_VARIABLE = YES;
				IPHONEOS_DEPLOYMENT_TARGET = 12.0;
				MTL_ENABLE_DEBUG_INFO = NO;
				MTL_FAST_MATH = YES;
				SDKROOT = iphoneos;
				SWIFT_COMPILATION_MODE = wholemodule;
				SWIFT_OPTIMIZATION_LEVEL = "-O";
				VALIDATE_PRODUCT = YES;
			};
			name = Release;
		};
		730405B921709AED007D3399 /* Debug */ = {
			isa = XCBuildConfiguration;
			baseConfigurationReference = 76583B9472A081C14015863F /* Pods-PokemonApp.debug.xcconfig */;
			buildSettings = {
				ASSETCATALOG_COMPILER_APPICON_NAME = AppIcon;
				CODE_SIGN_STYLE = Automatic;
				DEVELOPMENT_TEAM = 4L6UTSMVEJ;
				INFOPLIST_FILE = PokemonApp/Info.plist;
				IPHONEOS_DEPLOYMENT_TARGET = 12.0;
				LD_RUNPATH_SEARCH_PATHS = (
					"$(inherited)",
					"@executable_path/Frameworks",
				);
				PRODUCT_BUNDLE_IDENTIFIER = com.juansantiagomartinbalbas.PokemonApp;
				PRODUCT_NAME = "$(TARGET_NAME)";
				SWIFT_VERSION = 4.2;
				TARGETED_DEVICE_FAMILY = "1,2";
			};
			name = Debug;
		};
		730405BA21709AED007D3399 /* Release */ = {
			isa = XCBuildConfiguration;
			baseConfigurationReference = BEBA5CD27CA46D6E37597166 /* Pods-PokemonApp.release.xcconfig */;
			buildSettings = {
				ASSETCATALOG_COMPILER_APPICON_NAME = AppIcon;
				CODE_SIGN_STYLE = Automatic;
				DEVELOPMENT_TEAM = 4L6UTSMVEJ;
				INFOPLIST_FILE = PokemonApp/Info.plist;
				IPHONEOS_DEPLOYMENT_TARGET = 12.0;
				LD_RUNPATH_SEARCH_PATHS = (
					"$(inherited)",
					"@executable_path/Frameworks",
				);
				PRODUCT_BUNDLE_IDENTIFIER = com.juansantiagomartinbalbas.PokemonApp;
				PRODUCT_NAME = "$(TARGET_NAME)";
				SWIFT_VERSION = 4.2;
				TARGETED_DEVICE_FAMILY = "1,2";
			};
			name = Release;
		};
		7367FB3A2174D860002457EB /* Debug */ = {
			isa = XCBuildConfiguration;
			buildSettings = {
				BUNDLE_LOADER = "$(TEST_HOST)";
				CODE_SIGN_STYLE = Automatic;
				DEVELOPMENT_TEAM = 4L6UTSMVEJ;
				INFOPLIST_FILE = PokemonAppTests/Info.plist;
				LD_RUNPATH_SEARCH_PATHS = (
					"$(inherited)",
					"@executable_path/Frameworks",
					"@loader_path/Frameworks",
				);
				PRODUCT_BUNDLE_IDENTIFIER = com.juansantiagomartinbalbas.PokemonAppTests;
				PRODUCT_NAME = "$(TARGET_NAME)";
				SWIFT_VERSION = 4.2;
				TARGETED_DEVICE_FAMILY = "1,2";
				TEST_HOST = "$(BUILT_PRODUCTS_DIR)/PokemonApp.app/PokemonApp";
			};
			name = Debug;
		};
		7367FB3B2174D860002457EB /* Release */ = {
			isa = XCBuildConfiguration;
			buildSettings = {
				BUNDLE_LOADER = "$(TEST_HOST)";
				CODE_SIGN_STYLE = Automatic;
				DEVELOPMENT_TEAM = 4L6UTSMVEJ;
				INFOPLIST_FILE = PokemonAppTests/Info.plist;
				LD_RUNPATH_SEARCH_PATHS = (
					"$(inherited)",
					"@executable_path/Frameworks",
					"@loader_path/Frameworks",
				);
				PRODUCT_BUNDLE_IDENTIFIER = com.juansantiagomartinbalbas.PokemonAppTests;
				PRODUCT_NAME = "$(TARGET_NAME)";
				SWIFT_VERSION = 4.2;
				TARGETED_DEVICE_FAMILY = "1,2";
				TEST_HOST = "$(BUILT_PRODUCTS_DIR)/PokemonApp.app/PokemonApp";
			};
			name = Release;
		};
/* End XCBuildConfiguration section */

/* Begin XCConfigurationList section */
		730405A121709AEB007D3399 /* Build configuration list for PBXProject "PokemonApp" */ = {
			isa = XCConfigurationList;
			buildConfigurations = (
				730405B621709AED007D3399 /* Debug */,
				730405B721709AED007D3399 /* Release */,
			);
			defaultConfigurationIsVisible = 0;
			defaultConfigurationName = Release;
		};
		730405B821709AED007D3399 /* Build configuration list for PBXNativeTarget "PokemonApp" */ = {
			isa = XCConfigurationList;
			buildConfigurations = (
				730405B921709AED007D3399 /* Debug */,
				730405BA21709AED007D3399 /* Release */,
			);
			defaultConfigurationIsVisible = 0;
			defaultConfigurationName = Release;
		};
		7367FB392174D860002457EB /* Build configuration list for PBXNativeTarget "PokemonAppTests" */ = {
			isa = XCConfigurationList;
			buildConfigurations = (
				7367FB3A2174D860002457EB /* Debug */,
				7367FB3B2174D860002457EB /* Release */,
			);
			defaultConfigurationIsVisible = 0;
			defaultConfigurationName = Release;
		};
/* End XCConfigurationList section */
	};
	rootObject = 7304059E21709AEB007D3399 /* Project object */;
}
